// !$*UTF8*$!
{
	archiveVersion = 1;
	classes = {
	};
	objectVersion = 110;
	objects = {

/* Begin PBXBuildFile section */
		BEDE31442FF27B9400C9A802 /* TafsirLingo Extension.appex in Embed Foundation Extensions */ = {isa = PBXBuildFile; fileRef = BEDE31432FF27B9400C9A802 /* TafsirLingo Extension.appex */; settings = {ATTRIBUTES = (RemoveHeadersOnCopy, ); }; };
/* End PBXBuildFile section */

/* Begin PBXContainerItemProxy section */
		BEDE31452FF27B9400C9A802 /* PBXContainerItemProxy */ = {
			isa = PBXContainerItemProxy;
			containerPortal = BEDE31212FF27B9300C9A802 /* Project object */;
			proxyType = 1;
			remoteGlobalIDString = BEDE31422FF27B9400C9A802;
			remoteInfo = "TafsirLingo Extension";
		};
/* End PBXContainerItemProxy section */

/* Begin PBXCopyFilesBuildPhase section */
		BEDE31622FF27B9400C9A802 /* Embed Foundation Extensions */ = {
			isa = PBXCopyFilesBuildPhase;
			dstPath = "";
			dstSubfolder = PlugIns;
			files = (
				BEDE31442FF27B9400C9A802 /* TafsirLingo Extension.appex in Embed Foundation Extensions */,
			);
			name = "Embed Foundation Extensions";
		};
/* End PBXCopyFilesBuildPhase section */

/* Begin PBXFileReference section */
		BEDE31292FF27B9300C9A802 /* TafsirLingo.app */ = {isa = PBXFileReference; explicitFileType = wrapper.application; includeInIndex = 0; path = TafsirLingo.app; sourceTree = BUILT_PRODUCTS_DIR; };
		BEDE31432FF27B9400C9A802 /* TafsirLingo Extension.appex */ = {isa = PBXFileReference; explicitFileType = "wrapper.app-extension"; includeInIndex = 0; path = "TafsirLingo Extension.appex"; sourceTree = BUILT_PRODUCTS_DIR; };
/* End PBXFileReference section */

/* Begin PBXFileSystemSynchronizedBuildFileExceptionSet section */
		BEDE315B2FF27B9400C9A802 /* Exceptions for "TafsirLingo" folder in "TafsirLingo" target */ = {
			isa = PBXFileSystemSynchronizedBuildFileExceptionSet;
			membershipExceptions = (
				Info.plist,
			);
			target = BEDE31282FF27B9300C9A802 /* TafsirLingo */;
		};
		BEDE315C2FF27B9400C9A802 /* Exceptions for "TafsirLingo Extension" folder in "TafsirLingo Extension" target */ = {
			isa = PBXFileSystemSynchronizedBuildFileExceptionSet;
			membershipExceptions = (
				Info.plist,
				Resources/content.bundle.js,
				Resources/background.bundle.js,
			);
			target = BEDE31422FF27B9400C9A802 /* TafsirLingo Extension */;
		};
/* End PBXFileSystemSynchronizedBuildFileExceptionSet section */

/* Begin PBXFileSystemSynchronizedRootGroup section */
		BEDE312B2FF27B9300C9A802 /* TafsirLingo */ = {
			isa = PBXFileSystemSynchronizedRootGroup;
			exceptions = (
				BEDE315B2FF27B9400C9A802 /* Exceptions for "TafsirLingo" folder in "TafsirLingo" target */,
			);
			path = TafsirLingo;
			sourceTree = "<group>";
		};
		BEDE31472FF27B9400C9A802 /* TafsirLingo Extension */ = {
			isa = PBXFileSystemSynchronizedRootGroup;
			exceptions = (
				BEDE315C2FF27B9400C9A802 /* Exceptions for "TafsirLingo Extension" folder in "TafsirLingo Extension" target */,
			);
			explicitFolders = (
				Resources/_locales,
				Resources/images,
				Resources/lib,
			);
			path = "TafsirLingo Extension";
			sourceTree = "<group>";
		};
/* End PBXFileSystemSynchronizedRootGroup section */

/* Begin PBXFrameworksBuildPhase section */
		BEDE31262FF27B9300C9A802 /* Frameworks */ = {
			isa = PBXFrameworksBuildPhase;
			files = (
			);
		};
		BEDE31402FF27B9400C9A802 /* Frameworks */ = {
			isa = PBXFrameworksBuildPhase;
			files = (
			);
		};
/* End PBXFrameworksBuildPhase section */

/* Begin PBXGroup section */
		BEDE31202FF27B9300C9A802 = {
			isa = PBXGroup;
			children = (
				BEDE312B2FF27B9300C9A802 /* TafsirLingo */,
				BEDE31472FF27B9400C9A802 /* TafsirLingo Extension */,
				BEDE312A2FF27B9300C9A802 /* Products */,
			);
			sourceTree = "<group>";
		};
		BEDE312A2FF27B9300C9A802 /* Products */ = {
			isa = PBXGroup;
			children = (
				BEDE31292FF27B9300C9A802 /* TafsirLingo.app */,
				BEDE31432FF27B9400C9A802 /* TafsirLingo Extension.appex */,
			);
			name = Products;
			sourceTree = "<group>";
		};
/* End PBXGroup section */

/* Begin PBXNativeTarget section */
		BEDE31282FF27B9300C9A802 /* TafsirLingo */ = {
			isa = PBXNativeTarget;
			buildConfigurationList = BEDE31632FF27B9400C9A802 /* Build configuration list for PBXNativeTarget "TafsirLingo" */;
			buildPhases = (
				BEDE31252FF27B9300C9A802 /* Sources */,
				BEDE31262FF27B9300C9A802 /* Frameworks */,
				BEDE31272FF27B9300C9A802 /* Resources */,
				BEDE31622FF27B9400C9A802 /* Embed Foundation Extensions */,
			);
			buildRules = (
			);
			dependencies = (
				BEDE31462FF27B9400C9A802 /* PBXTargetDependency */,
			);
			fileSystemSynchronizedGroups = (
				BEDE312B2FF27B9300C9A802 /* TafsirLingo */,
			);
			name = TafsirLingo;
			productName = TafsirLingo;
			productReference = BEDE31292FF27B9300C9A802 /* TafsirLingo.app */;
			productType = "com.apple.product-type.application";
		};
		BEDE31422FF27B9400C9A802 /* TafsirLingo Extension */ = {
			isa = PBXNativeTarget;
			buildConfigurationList = BEDE315D2FF27B9400C9A802 /* Build configuration list for PBXNativeTarget "TafsirLingo Extension" */;
			buildPhases = (
				BEDE313F2FF27B9400C9A802 /* Sources */,
				BEDE31402FF27B9400C9A802 /* Frameworks */,
				BEDE31412FF27B9400C9A802 /* Resources */,
				BEDE31FE000000000000BEEF /* Bundle JS */,
			);
			buildRules = (
			);
			fileSystemSynchronizedGroups = (
				BEDE31472FF27B9400C9A802 /* TafsirLingo Extension */,
			);
			name = "TafsirLingo Extension";
			productName = "TafsirLingo Extension";
			productReference = BEDE31432FF27B9400C9A802 /* TafsirLingo Extension.appex */;
			productType = "com.apple.product-type.app-extension";
		};
/* End PBXNativeTarget section */

/* Begin PBXProject section */
		BEDE31212FF27B9300C9A802 /* Project object */ = {
			isa = PBXProject;
			attributes = {
				BuildIndependentTargetsInParallel = 1;
				LastSwiftUpdateCheck = 2700;
				LastUpgradeCheck = 2700;
				TargetAttributes = {
					BEDE31282FF27B9300C9A802 = {
						CreatedOnToolsVersion = 27.0;
					};
					BEDE31422FF27B9400C9A802 = {
						CreatedOnToolsVersion = 27.0;
					};
				};
			};
			buildConfigurationList = BEDE31242FF27B9300C9A802 /* Build configuration list for PBXProject "TafsirLingo" */;
			developmentRegion = en;
			hasScannedForEncodings = 0;
			knownRegions = (
				en,
				Base,
			);
			mainGroup = BEDE31202FF27B9300C9A802;
			minimizedProjectReferenceProxies = 1;
			preferredProjectObjectVersion = 77;
			productRefGroup = BEDE312A2FF27B9300C9A802 /* Products */;
			projectDirPath = "";
			projectRoot = "";
			targets = (
				BEDE31282FF27B9300C9A802 /* TafsirLingo */,
				BEDE31422FF27B9400C9A802 /* TafsirLingo Extension */,
			);
		};
/* End PBXProject section */

/* Begin PBXResourcesBuildPhase section */
		BEDE31272FF27B9300C9A802 /* Resources */ = {
			isa = PBXResourcesBuildPhase;
			files = (
			);
		};
		BEDE31412FF27B9400C9A802 /* Resources */ = {
			isa = PBXResourcesBuildPhase;
			files = (
			);
		};
/* End PBXResourcesBuildPhase section */

/* Begin PBXSourcesBuildPhase section */
		BEDE31252FF27B9300C9A802 /* Sources */ = {
			isa = PBXSourcesBuildPhase;
			files = (
			);
		};
		BEDE313F2FF27B9400C9A802 /* Sources */ = {
			isa = PBXSourcesBuildPhase;
			files = (
			);
		};
/* End PBXSourcesBuildPhase section */

/* Begin PBXShellScriptBuildPhase section */
		BEDE31FE000000000000BEEF /* Bundle JS */ = {
			isa = PBXShellScriptBuildPhase;
			buildActionMask = 2147483647;
			files = (
			);
			inputPaths = (
				"$(SRCROOT)/TafsirLingo Extension/Resources/content.js",
				"$(SRCROOT)/TafsirLingo Extension/Resources/background.js",
				"$(SRCROOT)/TafsirLingo Extension/Resources/lib/ai.js",
				"$(SRCROOT)/TafsirLingo Extension/Resources/lib/bubble.js",
				"$(SRCROOT)/TafsirLingo Extension/Resources/lib/bubbleCss.js",
				"$(SRCROOT)/TafsirLingo Extension/Resources/lib/card.js",
				"$(SRCROOT)/TafsirLingo Extension/Resources/lib/context.js",
				"$(SRCROOT)/TafsirLingo Extension/Resources/lib/markdown.js",
			);
			name = "Bundle JS";
			outputPaths = (
				"$(TARGET_BUILD_DIR)/$(UNLOCALIZED_RESOURCES_FOLDER_PATH)/content.bundle.js",
				"$(TARGET_BUILD_DIR)/$(UNLOCALIZED_RESOURCES_FOLDER_PATH)/background.bundle.js",
			);
			runOnlyForDeploymentPostprocessing = 0;
			shellPath = /bin/bash;
			shellScript = "\"$SRCROOT/Scripts/bundle.sh\"\n";
		};
/* End PBXShellScriptBuildPhase section */

/* Begin PBXTargetDependency section */
		BEDE31462FF27B9400C9A802 /* PBXTargetDependency */ = {
			isa = PBXTargetDependency;
			target = BEDE31422FF27B9400C9A802 /* TafsirLingo Extension */;
			targetProxy = BEDE31452FF27B9400C9A802 /* PBXContainerItemProxy */;
		};
/* End PBXTargetDependency section */

/* Begin XCBuildConfiguration section */
		BEDE315E2FF27B9400C9A802 /* Debug configuration for PBXNativeTarget "TafsirLingo Extension" */ = {
			isa = XCBuildConfiguration;
			buildSettings = {
				CODE_SIGN_ENTITLEMENTS = "TafsirLingo Extension/TafsirLingo Extension.entitlements";
				CODE_SIGN_STYLE = Automatic;
				CURRENT_PROJECT_VERSION = 1;
				DEVELOPMENT_TEAM = 926XCQXMCH;
				ENABLE_APP_SANDBOX = YES;
				ENABLE_HARDENED_RUNTIME = YES;
				ENABLE_USER_SELECTED_FILES = readonly;
				GENERATE_INFOPLIST_FILE = YES;
				INFOPLIST_FILE = "TafsirLingo Extension/Info.plist";
				INFOPLIST_KEY_CFBundleDisplayName = TafsirLingo;
				INFOPLIST_KEY_NSHumanReadableCopyright = "";
				LD_RUNPATH_SEARCH_PATHS = (
					"$(inherited)",
					"@executable_path/../Frameworks",
					"@executable_path/../../../../Frameworks",
				);
				MACOSX_DEPLOYMENT_TARGET = 26.0;
				MARKETING_VERSION = 1.0;
				OTHER_LDFLAGS = (
					"-framework",
					SafariServices,
				);
				PRODUCT_BUNDLE_IDENTIFIER = top.bayanlistening.tafsirlingo.Extension;
				PRODUCT_NAME = "$(TARGET_NAME)";
				SKIP_INSTALL = YES;
				STRING_CATALOG_GENERATE_SYMBOLS = YES;
				SWIFT_APPROACHABLE_CONCURRENCY = YES;
				SWIFT_EMIT_LOC_STRINGS = YES;
				SWIFT_UPCOMING_FEATURE_MEMBER_IMPORT_VISIBILITY = YES;
				SWIFT_VERSION = 5.0;
			};
			name = Debug;
		};
		BEDE315F2FF27B9400C9A802 /* Release configuration for PBXNativeTarget "TafsirLingo Extension" */ = {
			isa = XCBuildConfiguration;
			buildSettings = {
				CODE_SIGN_ENTITLEMENTS = "TafsirLingo Extension/TafsirLingo Extension.entitlements";
				CODE_SIGN_STYLE = Automatic;
				CURRENT_PROJECT_VERSION = 1;
				DEVELOPMENT_TEAM = 926XCQXMCH;
				ENABLE_APP_SANDBOX = YES;
				ENABLE_HARDENED_RUNTIME = YES;
				ENABLE_USER_SELECTED_FILES = readonly;
				GENERATE_INFOPLIST_FILE = YES;
				INFOPLIST_FILE = "TafsirLingo Extension/Info.plist";
				INFOPLIST_KEY_CFBundleDisplayName = TafsirLingo;
				INFOPLIST_KEY_NSHumanReadableCopyright = "";
				LD_RUNPATH_SEARCH_PATHS = (
					"$(inherited)",
					"@executable_path/../Frameworks",
					"@executable_path/../../../../Frameworks",
				);
				MACOSX_DEPLOYMENT_TARGET = 26.0;
				MARKETING_VERSION = 1.0;
				OTHER_LDFLAGS = (
					"-framework",
					SafariServices,
				);
				PRODUCT_BUNDLE_IDENTIFIER = top.bayanlistening.tafsirlingo.Extension;
				PRODUCT_NAME = "$(TARGET_NAME)";
				SKIP_INSTALL = YES;
				STRING_CATALOG_GENERATE_SYMBOLS = YES;
				SWIFT_APPROACHABLE_CONCURRENCY = YES;
				SWIFT_EMIT_LOC_STRINGS = YES;
				SWIFT_UPCOMING_FEATURE_MEMBER_IMPORT_VISIBILITY = YES;
				SWIFT_VERSION = 5.0;
			};
			name = Release;
		};
		BEDE31602FF27B9400C9A802 /* Debug configuration for PBXProject "TafsirLingo" */ = {
			isa = XCBuildConfiguration;
			buildSettings = {
				ALWAYS_SEARCH_USER_PATHS = NO;
				ASSETCATALOG_COMPILER_GENERATE_SWIFT_ASSET_SYMBOL_EXTENSIONS = YES;
				CLANG_ANALYZER_NONNULL = YES;
				CLANG_ANALYZER_NUMBER_OBJECT_CONVERSION = YES_AGGRESSIVE;
				CLANG_CXX_LANGUAGE_STANDARD = "gnu++20";
				CLANG_ENABLE_MODULES = YES;
				CLANG_ENABLE_OBJC_ARC = YES;
				CLANG_ENABLE_OBJC_WEAK = YES;
				CLANG_WARN_BLOCK_CAPTURE_AUTORELEASING = YES;
				CLANG_WARN_BOOL_CONVERSION = YES;
				CLANG_WARN_COMMA = YES;
				CLANG_WARN_CONSTANT_CONVERSION = YES;
				CLANG_WARN_DEPRECATED_OBJC_IMPLEMENTATIONS = YES;
				CLANG_WARN_DIRECT_OBJC_ISA_USAGE = YES_ERROR;
				CLANG_WARN_DOCUMENTATION_COMMENTS = YES;
				CLANG_WARN_EMPTY_BODY = YES;
				CLANG_WARN_ENUM_CONVERSION = YES;
				CLANG_WARN_INFINITE_RECURSION = YES;
				CLANG_WARN_INT_CONVERSION = YES;
				CLANG_WARN_NON_LITERAL_NULL_CONVERSION = YES;
				CLANG_WARN_OBJC_IMPLICIT_RETAIN_SELF = YES;
				CLANG_WARN_OBJC_LITERAL_CONVERSION = YES;
				CLANG_WARN_OBJC_ROOT_CLASS = YES_ERROR;
				CLANG_WARN_QUOTED_INCLUDE_IN_FRAMEWORK_HEADER = YES;
				CLANG_WARN_RANGE_LOOP_ANALYSIS = YES;
				CLANG_WARN_STRICT_PROTOTYPES = YES;
				CLANG_WARN_SUSPICIOUS_MOVE = YES;
				CLANG_WARN_UNGUARDED_AVAILABILITY = YES_AGGRESSIVE;
				CLANG_WARN_UNREACHABLE_CODE = YES;
				CLANG_WARN__DUPLICATE_METHOD_MATCH = YES;
				COPY_PHASE_STRIP = NO;
				DEBUG_INFORMATION_FORMAT = dwarf;
				DEVELOPMENT_TEAM = 926XCQXMCH;
				ENABLE_STRICT_OBJC_MSGSEND = YES;
				ENABLE_TESTABILITY = YES;
				ENABLE_USER_SCRIPT_SANDBOXING = NO;
				GCC_C_LANGUAGE_STANDARD = gnu17;
				GCC_DYNAMIC_NO_PIC = NO;
				GCC_NO_COMMON_BLOCKS = YES;
				GCC_OPTIMIZATION_LEVEL = 0;
				GCC_PREPROCESSOR_DEFINITIONS = (
					"DEBUG=1",
					"$(inherited)",
				);
				GCC_WARN_64_TO_32_BIT_CONVERSION = YES;
				GCC_WARN_ABOUT_RETURN_TYPE = YES_ERROR;
				GCC_WARN_UNDECLARED_SELECTOR = YES;
				GCC_WARN_UNINITIALIZED_AUTOS = YES_AGGRESSIVE;
				GCC_WARN_UNUSED_FUNCTION = YES;
				GCC_WARN_UNUSED_VARIABLE = YES;
				LOCALIZATION_PREFERS_STRING_CATALOGS = YES;
				MACOSX_DEPLOYMENT_TARGET = 26.5;
				MTL_ENABLE_DEBUG_INFO = INCLUDE_SOURCE;
				MTL_FAST_MATH = YES;
				ONLY_ACTIVE_ARCH = YES;
				SDKROOT = macosx;
				SWIFT_ACTIVE_COMPILATION_CONDITIONS = "DEBUG $(inherited)";
				SWIFT_OPTIMIZATION_LEVEL = "-Onone";
			};
			name = Debug;
		};
		BEDE31612FF27B9400C9A802 /* Release configuration for PBXProject "TafsirLingo" */ = {
			isa = XCBuildConfiguration;
			buildSettings = {
				ALWAYS_SEARCH_USER_PATHS = NO;
				ASSETCATALOG_COMPILER_GENERATE_SWIFT_ASSET_SYMBOL_EXTENSIONS = YES;
				CLANG_ANALYZER_NONNULL = YES;
				CLANG_ANALYZER_NUMBER_OBJECT_CONVERSION = YES_AGGRESSIVE;
				CLANG_CXX_LANGUAGE_STANDARD = "gnu++20";
				CLANG_ENABLE_MODULES = YES;
				CLANG_ENABLE_OBJC_ARC = YES;
				CLANG_ENABLE_OBJC_WEAK = YES;
				CLANG_WARN_BLOCK_CAPTURE_AUTORELEASING = YES;
				CLANG_WARN_BOOL_CONVERSION = YES;
				CLANG_WARN_COMMA = YES;
				CLANG_WARN_CONSTANT_CONVERSION = YES;
				CLANG_WARN_DEPRECATED_OBJC_IMPLEMENTATIONS = YES;
				CLANG_WARN_DIRECT_OBJC_ISA_USAGE = YES_ERROR;
				CLANG_WARN_DOCUMENTATION_COMMENTS = YES;
				CLANG_WARN_EMPTY_BODY = YES;
				CLANG_WARN_ENUM_CONVERSION = YES;
				CLANG_WARN_INFINITE_RECURSION = YES;
				CLANG_WARN_INT_CONVERSION = YES;
				CLANG_WARN_NON_LITERAL_NULL_CONVERSION = YES;
				CLANG_WARN_OBJC_IMPLICIT_RETAIN_SELF = YES;
				CLANG_WARN_OBJC_LITERAL_CONVERSION = YES;
				CLANG_WARN_OBJC_ROOT_CLASS = YES_ERROR;
				CLANG_WARN_QUOTED_INCLUDE_IN_FRAMEWORK_HEADER = YES;
				CLANG_WARN_RANGE_LOOP_ANALYSIS = YES;
				CLANG_WARN_STRICT_PROTOTYPES = YES;
				CLANG_WARN_SUSPICIOUS_MOVE = YES;
				CLANG_WARN_UNGUARDED_AVAILABILITY = YES_AGGRESSIVE;
				CLANG_WARN_UNREACHABLE_CODE = YES;
				CLANG_WARN__DUPLICATE_METHOD_MATCH = YES;
				COPY_PHASE_STRIP = NO;
				DEBUG_INFORMATION_FORMAT = "dwarf-with-dsym";
				DEVELOPMENT_TEAM = 926XCQXMCH;
				ENABLE_NS_ASSERTIONS = NO;
				ENABLE_STRICT_OBJC_MSGSEND = YES;
				ENABLE_USER_SCRIPT_SANDBOXING = NO;
				GCC_C_LANGUAGE_STANDARD = gnu17;
				GCC_NO_COMMON_BLOCKS = YES;
				GCC_WARN_64_TO_32_BIT_CONVERSION = YES;
				GCC_WARN_ABOUT_RETURN_TYPE = YES_ERROR;
				GCC_WARN_UNDECLARED_SELECTOR = YES;
				GCC_WARN_UNINITIALIZED_AUTOS = YES_AGGRESSIVE;
				GCC_WARN_UNUSED_FUNCTION = YES;
				GCC_WARN_UNUSED_VARIABLE = YES;
				LOCALIZATION_PREFERS_STRING_CATALOGS = YES;
				MACOSX_DEPLOYMENT_TARGET = 26.5;
				MTL_ENABLE_DEBUG_INFO = NO;
				MTL_FAST_MATH = YES;
				SDKROOT = macosx;
				SWIFT_COMPILATION_MODE = wholemodule;
			};
			name = Release;
		};
		BEDE31642FF27B9400C9A802 /* Debug configuration for PBXNativeTarget "TafsirLingo" */ = {
			isa = XCBuildConfiguration;
			buildSettings = {
				ASSETCATALOG_COMPILER_APPICON_NAME = AppIcon;
				ASSETCATALOG_COMPILER_GLOBAL_ACCENT_COLOR_NAME = AccentColor;
				CODE_SIGN_ENTITLEMENTS = TafsirLingo/TafsirLingo.entitlements;
				CODE_SIGN_STYLE = Automatic;
				COMBINE_HIDPI_IMAGES = YES;
				CURRENT_PROJECT_VERSION = 1;
				DEVELOPMENT_TEAM = 926XCQXMCH;
				ENABLE_APP_SANDBOX = YES;
				ENABLE_HARDENED_RUNTIME = YES;
				ENABLE_OUTGOING_NETWORK_CONNECTIONS = YES;
				ENABLE_USER_SELECTED_FILES = readonly;
				INFOPLIST_FILE = TafsirLingo/Info.plist;
				INFOPLIST_KEY_CFBundleDisplayName = TafsirLingo;
				INFOPLIST_KEY_LSApplicationCategoryType = "public.app-category.education";
				LD_RUNPATH_SEARCH_PATHS = (
					"$(inherited)",
					"@executable_path/../Frameworks",
				);
				MARKETING_VERSION = 1.0;
				OTHER_LDFLAGS = (
					"-framework",
					SafariServices,
					"-framework",
					WebKit,
				);
				PRODUCT_BUNDLE_IDENTIFIER = top.bayanlistening.tafsirlingo;
				PRODUCT_NAME = "$(TARGET_NAME)";
				REGISTER_APP_GROUPS = YES;
				STRING_CATALOG_GENERATE_SYMBOLS = YES;
				SWIFT_APPROACHABLE_CONCURRENCY = YES;
				SWIFT_DEFAULT_ACTOR_ISOLATION = MainActor;
				SWIFT_EMIT_LOC_STRINGS = YES;
				SWIFT_UPCOMING_FEATURE_MEMBER_IMPORT_VISIBILITY = YES;
				SWIFT_VERSION = 5.0;
			};
			name = Debug;
		};
		BEDE31652FF27B9400C9A802 /* Release configuration for PBXNativeTarget "TafsirLingo" */ = {
			isa = XCBuildConfiguration;
			buildSettings = {
				ASSETCATALOG_COMPILER_APPICON_NAME = AppIcon;
				ASSETCATALOG_COMPILER_GLOBAL_ACCENT_COLOR_NAME = AccentColor;
				CODE_SIGN_ENTITLEMENTS = TafsirLingo/TafsirLingo.entitlements;
				CODE_SIGN_STYLE = Automatic;
				COMBINE_HIDPI_IMAGES = YES;
				CURRENT_PROJECT_VERSION = 1;
				DEVELOPMENT_TEAM = 926XCQXMCH;
				ENABLE_APP_SANDBOX = YES;
				ENABLE_HARDENED_RUNTIME = YES;
				ENABLE_OUTGOING_NETWORK_CONNECTIONS = YES;
				ENABLE_USER_SELECTED_FILES = readonly;
				INFOPLIST_FILE = TafsirLingo/Info.plist;
				INFOPLIST_KEY_CFBundleDisplayName = TafsirLingo;
				INFOPLIST_KEY_LSApplicationCategoryType = "public.app-category.education";
				LD_RUNPATH_SEARCH_PATHS = (
					"$(inherited)",
					"@executable_path/../Frameworks",
				);
				MARKETING_VERSION = 1.0;
				OTHER_LDFLAGS = (
					"-framework",
					SafariServices,
					"-framework",
					WebKit,
				);
				PRODUCT_BUNDLE_IDENTIFIER = top.bayanlistening.tafsirlingo;
				PRODUCT_NAME = "$(TARGET_NAME)";
				REGISTER_APP_GROUPS = YES;
				STRING_CATALOG_GENERATE_SYMBOLS = YES;
				SWIFT_APPROACHABLE_CONCURRENCY = YES;
				SWIFT_DEFAULT_ACTOR_ISOLATION = MainActor;
				SWIFT_EMIT_LOC_STRINGS = YES;
				SWIFT_UPCOMING_FEATURE_MEMBER_IMPORT_VISIBILITY = YES;
				SWIFT_VERSION = 5.0;
			};
			name = Release;
		};
/* End XCBuildConfiguration section */

/* Begin XCConfigurationList section */
		BEDE31242FF27B9300C9A802 /* Build configuration list for PBXProject "TafsirLingo" */ = {
			isa = XCConfigurationList;
			buildConfigurations = (
				BEDE31602FF27B9400C9A802 /* Debug configuration for PBXProject "TafsirLingo" */,
				BEDE31612FF27B9400C9A802 /* Release configuration for PBXProject "TafsirLingo" */,
			);
			defaultConfigurationName = Release;
		};
		BEDE315D2FF27B9400C9A802 /* Build configuration list for PBXNativeTarget "TafsirLingo Extension" */ = {
			isa = XCConfigurationList;
			buildConfigurations = (
				BEDE315E2FF27B9400C9A802 /* Debug configuration for PBXNativeTarget "TafsirLingo Extension" */,
				BEDE315F2FF27B9400C9A802 /* Release configuration for PBXNativeTarget "TafsirLingo Extension" */,
			);
			defaultConfigurationName = Release;
		};
		BEDE31632FF27B9400C9A802 /* Build configuration list for PBXNativeTarget "TafsirLingo" */ = {
			isa = XCConfigurationList;
			buildConfigurations = (
				BEDE31642FF27B9400C9A802 /* Debug configuration for PBXNativeTarget "TafsirLingo" */,
				BEDE31652FF27B9400C9A802 /* Release configuration for PBXNativeTarget "TafsirLingo" */,
			);
			defaultConfigurationName = Release;
		};
/* End XCConfigurationList section */
	};
	rootObject = BEDE31212FF27B9300C9A802 /* Project object */;
	validationLevel = 1;
}
